// !$*UTF8*$!
{
	archiveVersion = 1;
	classes = {
	};
	objectVersion = 52;
	objects = {

/* Begin PBXBuildFile section */
		84039F8F26C84C7E004D2E0C /* HourMinuteView.swift in Sources */ = {isa = PBXBuildFile; fileRef = 84039F8E26C84C7E004D2E0C /* HourMinuteView.swift */; };
		84039F9126C84E18004D2E0C /* RemindItemRowView.swift in Sources */ = {isa = PBXBuildFile; fileRef = 84039F9026C84E18004D2E0C /* RemindItemRowView.swift */; };
		8405A2C426D120D000F84016 /* AlertManager.swift in Sources */ = {isa = PBXBuildFile; fileRef = 8405A2C226D120D000F84016 /* AlertManager.swift */; };
		8405A2C526D120D000F84016 /* Alert.swift in Sources */ = {isa = PBXBuildFile; fileRef = 8405A2C326D120D000F84016 /* Alert.swift */; };
		8405A2C926D1229400F84016 /* RxSwift in Frameworks */ = {isa = PBXBuildFile; productRef = 8405A2C826D1229400F84016 /* RxSwift */; };
		84356B5026B5CAC600E67DF6 /* RepeatSelectionView.swift in Sources */ = {isa = PBXBuildFile; fileRef = 84356B4F26B5CAC600E67DF6 /* RepeatSelectionView.swift */; };
		843AC94E26AED6A900D939F0 /* RemindAgainApp.swift in Sources */ = {isa = PBXBuildFile; fileRef = 843AC94D26AED6A900D939F0 /* RemindAgainApp.swift */; };
		843AC95026AED6A900D939F0 /* RemindersView.swift in Sources */ = {isa = PBXBuildFile; fileRef = 843AC94F26AED6A900D939F0 /* RemindersView.swift */; };
		843AC95226AED6AC00D939F0 /* Assets.xcassets in Resources */ = {isa = PBXBuildFile; fileRef = 843AC95126AED6AC00D939F0 /* Assets.xcassets */; };
		843AC95726AED6AC00D939F0 /* Persistence.swift in Sources */ = {isa = PBXBuildFile; fileRef = 843AC95626AED6AC00D939F0 /* Persistence.swift */; };
		843AC95A26AED6AC00D939F0 /* Remind_Again.xcdatamodeld in Sources */ = {isa = PBXBuildFile; fileRef = 843AC95826AED6AC00D939F0 /* Remind_Again.xcdatamodeld */; };
		843B003026C9429600DD7391 /* AboutView.swift in Sources */ = {isa = PBXBuildFile; fileRef = 843B002F26C9429600DD7391 /* AboutView.swift */; };
		84962E7826D154DE00A90701 /* DateFormatter+Ext.swift in Sources */ = {isa = PBXBuildFile; fileRef = 84962E7726D154DE00A90701 /* DateFormatter+Ext.swift */; };
		84AB8B2126CD0B0D0007C18A /* AboutPrivacyView.swift in Sources */ = {isa = PBXBuildFile; fileRef = 84AB8B2026CD0B0D0007C18A /* AboutPrivacyView.swift */; };
		84B8A8D126C6C01B009DF0B2 /* Preview Assets.xcassets in Resources */ = {isa = PBXBuildFile; fileRef = 843AC95426AED6AC00D939F0 /* Preview Assets.xcassets */; };
		84DE14BD26C6CC73004E5D02 /* NotificationCenterDelegate.swift in Sources */ = {isa = PBXBuildFile; fileRef = 84DE14BC26C6CC72004E5D02 /* NotificationCenterDelegate.swift */; };
		84DE14BF26C81433004E5D02 /* RemindItemView.swift in Sources */ = {isa = PBXBuildFile; fileRef = 84DE14BE26C81432004E5D02 /* RemindItemView.swift */; };
		84DE14C126C8218F004E5D02 /* RepeatedDay.swift in Sources */ = {isa = PBXBuildFile; fileRef = 84DE14C026C8218F004E5D02 /* RepeatedDay.swift */; };
		84DE14C326C846D4004E5D02 /* RemindItemViewModel.swift in Sources */ = {isa = PBXBuildFile; fileRef = 84DE14C226C846D3004E5D02 /* RemindItemViewModel.swift */; };
		84DE14C526C84736004E5D02 /* RemindItem+Ext.swift in Sources */ = {isa = PBXBuildFile; fileRef = 84DE14C426C84736004E5D02 /* RemindItem+Ext.swift */; };
		84DE14C926C84A66004E5D02 /* RemindItemRowViewModel.swift in Sources */ = {isa = PBXBuildFile; fileRef = 84DE14C826C84A65004E5D02 /* RemindItemRowViewModel.swift */; };
		84EF736326D3D4550018F370 /* DoneStatusUpdater.swift in Sources */ = {isa = PBXBuildFile; fileRef = 84EF736226D3D4550018F370 /* DoneStatusUpdater.swift */; };
		84EF736526D3D9970018F370 /* NotificationScheduler.swift in Sources */ = {isa = PBXBuildFile; fileRef = 84EF736426D3D9970018F370 /* NotificationScheduler.swift */; };
		84EF736726D429240018F370 /* DataStackObserver.swift in Sources */ = {isa = PBXBuildFile; fileRef = 84EF736626D429240018F370 /* DataStackObserver.swift */; };
/* End PBXBuildFile section */

/* Begin PBXFileReference section */
		84039F8E26C84C7E004D2E0C /* HourMinuteView.swift */ = {isa = PBXFileReference; lastKnownFileType = sourcecode.swift; path = HourMinuteView.swift; sourceTree = "<group>"; };
		84039F9026C84E18004D2E0C /* RemindItemRowView.swift */ = {isa = PBXFileReference; lastKnownFileType = sourcecode.swift; path = RemindItemRowView.swift; sourceTree = "<group>"; };
		8405A2C226D120D000F84016 /* AlertManager.swift */ = {isa = PBXFileReference; fileEncoding = 4; lastKnownFileType = sourcecode.swift; path = AlertManager.swift; sourceTree = "<group>"; };
		8405A2C326D120D000F84016 /* Alert.swift */ = {isa = PBXFileReference; fileEncoding = 4; lastKnownFileType = sourcecode.swift; path = Alert.swift; sourceTree = "<group>"; };
		84356B4F26B5CAC600E67DF6 /* RepeatSelectionView.swift */ = {isa = PBXFileReference; lastKnownFileType = sourcecode.swift; path = RepeatSelectionView.swift; sourceTree = "<group>"; };
		843AC94A26AED6A900D939F0 /* Remind Again.app */ = {isa = PBXFileReference; explicitFileType = wrapper.application; includeInIndex = 0; path = "Remind Again.app"; sourceTree = BUILT_PRODUCTS_DIR; };
		843AC94D26AED6A900D939F0 /* RemindAgainApp.swift */ = {isa = PBXFileReference; lastKnownFileType = sourcecode.swift; path = RemindAgainApp.swift; sourceTree = "<group>"; };
		843AC94F26AED6A900D939F0 /* RemindersView.swift */ = {isa = PBXFileReference; lastKnownFileType = sourcecode.swift; path = RemindersView.swift; sourceTree = "<group>"; };
		843AC95126AED6AC00D939F0 /* Assets.xcassets */ = {isa = PBXFileReference; lastKnownFileType = folder.assetcatalog; path = Assets.xcassets; sourceTree = "<group>"; };
		843AC95426AED6AC00D939F0 /* Preview Assets.xcassets */ = {isa = PBXFileReference; lastKnownFileType = folder.assetcatalog; path = "Preview Assets.xcassets"; sourceTree = "<group>"; };
		843AC95626AED6AC00D939F0 /* Persistence.swift */ = {isa = PBXFileReference; lastKnownFileType = sourcecode.swift; path = Persistence.swift; sourceTree = "<group>"; };
		843AC95926AED6AC00D939F0 /* Remind_Again.xcdatamodel */ = {isa = PBXFileReference; lastKnownFileType = wrapper.xcdatamodel; path = Remind_Again.xcdatamodel; sourceTree = "<group>"; };
		843AC95B26AED6AC00D939F0 /* Info.plist */ = {isa = PBXFileReference; lastKnownFileType = text.plist.xml; path = Info.plist; sourceTree = "<group>"; };
		843B002F26C9429600DD7391 /* AboutView.swift */ = {isa = PBXFileReference; lastKnownFileType = sourcecode.swift; path = AboutView.swift; sourceTree = "<group>"; };
		84962E7726D154DE00A90701 /* DateFormatter+Ext.swift */ = {isa = PBXFileReference; lastKnownFileType = sourcecode.swift; path = "DateFormatter+Ext.swift"; sourceTree = "<group>"; };
		84AB8B2026CD0B0D0007C18A /* AboutPrivacyView.swift */ = {isa = PBXFileReference; lastKnownFileType = sourcecode.swift; path = AboutPrivacyView.swift; sourceTree = "<group>"; };
		84DE14BC26C6CC72004E5D02 /* NotificationCenterDelegate.swift */ = {isa = PBXFileReference; lastKnownFileType = sourcecode.swift; path = NotificationCenterDelegate.swift; sourceTree = "<group>"; };
		84DE14BE26C81432004E5D02 /* RemindItemView.swift */ = {isa = PBXFileReference; lastKnownFileType = sourcecode.swift; path = RemindItemView.swift; sourceTree = "<group>"; };
		84DE14C026C8218F004E5D02 /* RepeatedDay.swift */ = {isa = PBXFileReference; lastKnownFileType = sourcecode.swift; path = RepeatedDay.swift; sourceTree = "<group>"; };
		84DE14C226C846D3004E5D02 /* RemindItemViewModel.swift */ = {isa = PBXFileReference; lastKnownFileType = sourcecode.swift; path = RemindItemViewModel.swift; sourceTree = "<group>"; };
		84DE14C426C84736004E5D02 /* RemindItem+Ext.swift */ = {isa = PBXFileReference; lastKnownFileType = sourcecode.swift; path = "RemindItem+Ext.swift"; sourceTree = "<group>"; };
		84DE14C826C84A65004E5D02 /* RemindItemRowViewModel.swift */ = {isa = PBXFileReference; lastKnownFileType = sourcecode.swift; path = RemindItemRowViewModel.swift; sourceTree = "<group>"; };
		84EF736226D3D4550018F370 /* DoneStatusUpdater.swift */ = {isa = PBXFileReference; lastKnownFileType = sourcecode.swift; path = DoneStatusUpdater.swift; sourceTree = "<group>"; };
		84EF736426D3D9970018F370 /* NotificationScheduler.swift */ = {isa = PBXFileReference; lastKnownFileType = sourcecode.swift; path = NotificationScheduler.swift; sourceTree = "<group>"; };
		84EF736626D429240018F370 /* DataStackObserver.swift */ = {isa = PBXFileReference; lastKnownFileType = sourcecode.swift; path = DataStackObserver.swift; sourceTree = "<group>"; };
/* End PBXFileReference section */

/* Begin PBXFrameworksBuildPhase section */
		843AC94726AED6A900D939F0 /* Frameworks */ = {
			isa = PBXFrameworksBuildPhase;
			buildActionMask = 2147483647;
			files = (
				8405A2C926D1229400F84016 /* RxSwift in Frameworks */,
			);
			runOnlyForDeploymentPostprocessing = 0;
		};
/* End PBXFrameworksBuildPhase section */

/* Begin PBXGroup section */
		84039F9226C84F38004D2E0C /* Scenes */ = {
			isa = PBXGroup;
			children = (
				8405A2CA26D1394D00F84016 /* MainView */,
				84039F9326C84F6B004D2E0C /* RemindItem */,
				847B9B5D26CD4A6100E2DC8D /* AboutView */,
			);
			path = Scenes;
			sourceTree = "<group>";
		};
		84039F9326C84F6B004D2E0C /* RemindItem */ = {
			isa = PBXGroup;
			children = (
				84DE14BE26C81432004E5D02 /* RemindItemView.swift */,
				84DE14C226C846D3004E5D02 /* RemindItemViewModel.swift */,
			);
			path = RemindItem;
			sourceTree = "<group>";
		};
		84039F9426C84F7D004D2E0C /* RemindItemRow */ = {
			isa = PBXGroup;
			children = (
				84039F9026C84E18004D2E0C /* RemindItemRowView.swift */,
				84DE14C826C84A65004E5D02 /* RemindItemRowViewModel.swift */,
			);
			path = RemindItemRow;
			sourceTree = "<group>";
		};
		8405A2C626D120D800F84016 /* AlertManager */ = {
			isa = PBXGroup;
			children = (
				8405A2C326D120D000F84016 /* Alert.swift */,
				8405A2C226D120D000F84016 /* AlertManager.swift */,
			);
			path = AlertManager;
			sourceTree = "<group>";
		};
		8405A2CA26D1394D00F84016 /* MainView */ = {
			isa = PBXGroup;
			children = (
				843AC94F26AED6A900D939F0 /* RemindersView.swift */,
			);
			path = MainView;
			sourceTree = "<group>";
		};
		84356B4A26B5C88500E67DF6 /* Views */ = {
			isa = PBXGroup;
			children = (
				84356B4F26B5CAC600E67DF6 /* RepeatSelectionView.swift */,
				84039F8E26C84C7E004D2E0C /* HourMinuteView.swift */,
				84039F9426C84F7D004D2E0C /* RemindItemRow */,
			);
			path = Views;
			sourceTree = "<group>";
		};
		843AC94126AED6A900D939F0 = {
			isa = PBXGroup;
			children = (
				843AC94C26AED6A900D939F0 /* Remind Again */,
				843AC94B26AED6A900D939F0 /* Products */,
			);
			sourceTree = "<group>";
		};
		843AC94B26AED6A900D939F0 /* Products */ = {
			isa = PBXGroup;
			children = (
				843AC94A26AED6A900D939F0 /* Remind Again.app */,
			);
			name = Products;
			sourceTree = "<group>";
		};
		843AC94C26AED6A900D939F0 /* Remind Again */ = {
			isa = PBXGroup;
			children = (
				843AC94D26AED6A900D939F0 /* RemindAgainApp.swift */,
				84DE14BC26C6CC72004E5D02 /* NotificationCenterDelegate.swift */,
				84EF736626D429240018F370 /* DataStackObserver.swift */,
				84EF736426D3D9970018F370 /* NotificationScheduler.swift */,
				84EF736226D3D4550018F370 /* DoneStatusUpdater.swift */,
				843AC95626AED6AC00D939F0 /* Persistence.swift */,
				84039F9226C84F38004D2E0C /* Scenes */,
				84356B4A26B5C88500E67DF6 /* Views */,
				84DE14C726C84754004E5D02 /* Models */,
				84962E7926D155C400A90701 /* Utility */,
				8405A2C626D120D800F84016 /* AlertManager */,
				843AC95B26AED6AC00D939F0 /* Info.plist */,
				843AC95126AED6AC00D939F0 /* Assets.xcassets */,
				843AC95826AED6AC00D939F0 /* Remind_Again.xcdatamodeld */,
				843AC95326AED6AC00D939F0 /* Preview Content */,
			);
			path = "Remind Again";
			sourceTree = "<group>";
		};
		843AC95326AED6AC00D939F0 /* Preview Content */ = {
			isa = PBXGroup;
			children = (
				843AC95426AED6AC00D939F0 /* Preview Assets.xcassets */,
			);
			path = "Preview Content";
			sourceTree = "<group>";
		};
		847B9B5D26CD4A6100E2DC8D /* AboutView */ = {
			isa = PBXGroup;
			children = (
				843B002F26C9429600DD7391 /* AboutView.swift */,
				84AB8B2026CD0B0D0007C18A /* AboutPrivacyView.swift */,
			);
			path = AboutView;
			sourceTree = "<group>";
		};
		84962E7926D155C400A90701 /* Utility */ = {
			isa = PBXGroup;
			children = (
				84962E7726D154DE00A90701 /* DateFormatter+Ext.swift */,
			);
			path = Utility;
			sourceTree = "<group>";
		};
		84DE14C726C84754004E5D02 /* Models */ = {
			isa = PBXGroup;
			children = (
				84DE14C026C8218F004E5D02 /* RepeatedDay.swift */,
				84DE14C426C84736004E5D02 /* RemindItem+Ext.swift */,
			);
			path = Models;
			sourceTree = "<group>";
		};
/* End PBXGroup section */

/* Begin PBXNativeTarget section */
		843AC94926AED6A900D939F0 /* Remind Again */ = {
			isa = PBXNativeTarget;
			buildConfigurationList = 843AC95E26AED6AC00D939F0 /* Build configuration list for PBXNativeTarget "Remind Again" */;
			buildPhases = (
				843AC94626AED6A900D939F0 /* Sources */,
				843AC94726AED6A900D939F0 /* Frameworks */,
				843AC94826AED6A900D939F0 /* Resources */,
			);
			buildRules = (
			);
			dependencies = (
			);
			name = "Remind Again";
			packageProductDependencies = (
				8405A2C826D1229400F84016 /* RxSwift */,
			);
			productName = "Remind Again";
			productReference = 843AC94A26AED6A900D939F0 /* Remind Again.app */;
			productType = "com.apple.product-type.application";
		};
/* End PBXNativeTarget section */

/* Begin PBXProject section */
		843AC94226AED6A900D939F0 /* Project object */ = {
			isa = PBXProject;
			attributes = {
				LastSwiftUpdateCheck = 1250;
				LastUpgradeCheck = 1250;
				TargetAttributes = {
					843AC94926AED6A900D939F0 = {
						CreatedOnToolsVersion = 12.5.1;
					};
				};
			};
			buildConfigurationList = 843AC94526AED6A900D939F0 /* Build configuration list for PBXProject "Remind Again" */;
			compatibilityVersion = "Xcode 9.3";
			developmentRegion = en;
			hasScannedForEncodings = 0;
			knownRegions = (
				en,
				Base,
			);
			mainGroup = 843AC94126AED6A900D939F0;
			packageReferences = (
				8405A2C726D1229400F84016 /* XCRemoteSwiftPackageReference "RxSwift" */,
			);
			productRefGroup = 843AC94B26AED6A900D939F0 /* Products */;
			projectDirPath = "";
			projectRoot = "";
			targets = (
				843AC94926AED6A900D939F0 /* Remind Again */,
			);
		};
/* End PBXProject section */

/* Begin PBXResourcesBuildPhase section */
		843AC94826AED6A900D939F0 /* Resources */ = {
			isa = PBXResourcesBuildPhase;
			buildActionMask = 2147483647;
			files = (
				84B8A8D126C6C01B009DF0B2 /* Preview Assets.xcassets in Resources */,
				843AC95226AED6AC00D939F0 /* Assets.xcassets in Resources */,
			);
			runOnlyForDeploymentPostprocessing = 0;
		};
/* End PBXResourcesBuildPhase section */

/* Begin PBXSourcesBuildPhase section */
		843AC94626AED6A900D939F0 /* Sources */ = {
			isa = PBXSourcesBuildPhase;
			buildActionMask = 2147483647;
			files = (
				8405A2C526D120D000F84016 /* Alert.swift in Sources */,
				84DE14C326C846D4004E5D02 /* RemindItemViewModel.swift in Sources */,
				8405A2C426D120D000F84016 /* AlertManager.swift in Sources */,
				84DE14BF26C81433004E5D02 /* RemindItemView.swift in Sources */,
				84962E7826D154DE00A90701 /* DateFormatter+Ext.swift in Sources */,
				84DE14C926C84A66004E5D02 /* RemindItemRowViewModel.swift in Sources */,
				843AC95726AED6AC00D939F0 /* Persistence.swift in Sources */,
				84039F9126C84E18004D2E0C /* RemindItemRowView.swift in Sources */,
				84AB8B2126CD0B0D0007C18A /* AboutPrivacyView.swift in Sources */,
				843AC95026AED6A900D939F0 /* RemindersView.swift in Sources */,
				84EF736326D3D4550018F370 /* DoneStatusUpdater.swift in Sources */,
				84DE14C126C8218F004E5D02 /* RepeatedDay.swift in Sources */,
				84EF736526D3D9970018F370 /* NotificationScheduler.swift in Sources */,
				84DE14C526C84736004E5D02 /* RemindItem+Ext.swift in Sources */,
				843B003026C9429600DD7391 /* AboutView.swift in Sources */,
				843AC94E26AED6A900D939F0 /* RemindAgainApp.swift in Sources */,
				84356B5026B5CAC600E67DF6 /* RepeatSelectionView.swift in Sources */,
				843AC95A26AED6AC00D939F0 /* Remind_Again.xcdatamodeld in Sources */,
				84039F8F26C84C7E004D2E0C /* HourMinuteView.swift in Sources */,
				84DE14BD26C6CC73004E5D02 /* NotificationCenterDelegate.swift in Sources */,
				84EF736726D429240018F370 /* DataStackObserver.swift in Sources */,
			);
			runOnlyForDeploymentPostprocessing = 0;
		};
/* End PBXSourcesBuildPhase section */

/* Begin XCBuildConfiguration section */
		843AC95C26AED6AC00D939F0 /* Debug */ = {
			isa = XCBuildConfiguration;
			buildSettings = {
				ALWAYS_SEARCH_USER_PATHS = NO;
				CLANG_ANALYZER_NONNULL = YES;
				CLANG_ANALYZER_NUMBER_OBJECT_CONVERSION = YES_AGGRESSIVE;
				CLANG_CXX_LANGUAGE_STANDARD = "gnu++14";
				CLANG_CXX_LIBRARY = "libc++";
				CLANG_ENABLE_MODULES = YES;
				CLANG_ENABLE_OBJC_ARC = YES;
				CLANG_ENABLE_OBJC_WEAK = YES;
				CLANG_WARN_BLOCK_CAPTURE_AUTORELEASING = YES;
				CLANG_WARN_BOOL_CONVERSION = YES;
				CLANG_WARN_COMMA = YES;
				CLANG_WARN_CONSTANT_CONVERSION = YES;
				CLANG_WARN_DEPRECATED_OBJC_IMPLEMENTATIONS = YES;
				CLANG_WARN_DIRECT_OBJC_ISA_USAGE = YES_ERROR;
				CLANG_WARN_DOCUMENTATION_COMMENTS = YES;
				CLANG_WARN_EMPTY_BODY = YES;
				CLANG_WARN_ENUM_CONVERSION = YES;
				CLANG_WARN_INFINITE_RECURSION = YES;
				CLANG_WARN_INT_CONVERSION = YES;
				CLANG_WARN_NON_LITERAL_NULL_CONVERSION = YES;
				CLANG_WARN_OBJC_IMPLICIT_RETAIN_SELF = YES;
				CLANG_WARN_OBJC_LITERAL_CONVERSION = YES;
				CLANG_WARN_OBJC_ROOT_CLASS = YES_ERROR;
				CLANG_WARN_QUOTED_INCLUDE_IN_FRAMEWORK_HEADER = YES;
				CLANG_WARN_RANGE_LOOP_ANALYSIS = YES;
				CLANG_WARN_STRICT_PROTOTYPES = YES;
				CLANG_WARN_SUSPICIOUS_MOVE = YES;
				CLANG_WARN_UNGUARDED_AVAILABILITY = YES_AGGRESSIVE;
				CLANG_WARN_UNREACHABLE_CODE = YES;
				CLANG_WARN__DUPLICATE_METHOD_MATCH = YES;
				COPY_PHASE_STRIP = NO;
				DEBUG_INFORMATION_FORMAT = dwarf;
				ENABLE_STRICT_OBJC_MSGSEND = YES;
				ENABLE_TESTABILITY = YES;
				GCC_C_LANGUAGE_STANDARD = gnu11;
				GCC_DYNAMIC_NO_PIC = NO;
				GCC_NO_COMMON_BLOCKS = YES;
				GCC_OPTIMIZATION_LEVEL = 0;
				GCC_PREPROCESSOR_DEFINITIONS = (
					"DEBUG=1",
					"$(inherited)",
				);
				GCC_WARN_64_TO_32_BIT_CONVERSION = YES;
				GCC_WARN_ABOUT_RETURN_TYPE = YES_ERROR;
				GCC_WARN_UNDECLARED_SELECTOR = YES;
				GCC_WARN_UNINITIALIZED_AUTOS = YES_AGGRESSIVE;
				GCC_WARN_UNUSED_FUNCTION = YES;
				GCC_WARN_UNUSED_VARIABLE = YES;
				IPHONEOS_DEPLOYMENT_TARGET = 15.0;
				MTL_ENABLE_DEBUG_INFO = INCLUDE_SOURCE;
				MTL_FAST_MATH = YES;
				ONLY_ACTIVE_ARCH = YES;
				SDKROOT = iphoneos;
				SWIFT_ACTIVE_COMPILATION_CONDITIONS = DEBUG;
				SWIFT_OPTIMIZATION_LEVEL = "-Onone";
			};
			name = Debug;
		};
		843AC95D26AED6AC00D939F0 /* Release */ = {
			isa = XCBuildConfiguration;
			buildSettings = {
				ALWAYS_SEARCH_USER_PATHS = NO;
				CLANG_ANALYZER_NONNULL = YES;
				CLANG_ANALYZER_NUMBER_OBJECT_CONVERSION = YES_AGGRESSIVE;
				CLANG_CXX_LANGUAGE_STANDARD = "gnu++14";
				CLANG_CXX_LIBRARY = "libc++";
				CLANG_ENABLE_MODULES = YES;
				CLANG_ENABLE_OBJC_ARC = YES;
				CLANG_ENABLE_OBJC_WEAK = YES;
				CLANG_WARN_BLOCK_CAPTURE_AUTORELEASING = YES;
				CLANG_WARN_BOOL_CONVERSION = YES;
				CLANG_WARN_COMMA = YES;
				CLANG_WARN_CONSTANT_CONVERSION = YES;
				CLANG_WARN_DEPRECATED_OBJC_IMPLEMENTATIONS = YES;
				CLANG_WARN_DIRECT_OBJC_ISA_USAGE = YES_ERROR;
				CLANG_WARN_DOCUMENTATION_COMMENTS = YES;
				CLANG_WARN_EMPTY_BODY = YES;
				CLANG_WARN_ENUM_CONVERSION = YES;
				CLANG_WARN_INFINITE_RECURSION = YES;
				CLANG_WARN_INT_CONVERSION = YES;
				CLANG_WARN_NON_LITERAL_NULL_CONVERSION = YES;
				CLANG_WARN_OBJC_IMPLICIT_RETAIN_SELF = YES;
				CLANG_WARN_OBJC_LITERAL_CONVERSION = YES;
				CLANG_WARN_OBJC_ROOT_CLASS = YES_ERROR;
				CLANG_WARN_QUOTED_INCLUDE_IN_FRAMEWORK_HEADER = YES;
				CLANG_WARN_RANGE_LOOP_ANALYSIS = YES;
				CLANG_WARN_STRICT_PROTOTYPES = YES;
				CLANG_WARN_SUSPICIOUS_MOVE = YES;
				CLANG_WARN_UNGUARDED_AVAILABILITY = YES_AGGRESSIVE;
				CLANG_WARN_UNREACHABLE_CODE = YES;
				CLANG_WARN__DUPLICATE_METHOD_MATCH = YES;
				COPY_PHASE_STRIP = NO;
				DEBUG_INFORMATION_FORMAT = "dwarf-with-dsym";
				ENABLE_NS_ASSERTIONS = NO;
				ENABLE_STRICT_OBJC_MSGSEND = YES;
				GCC_C_LANGUAGE_STANDARD = gnu11;
				GCC_NO_COMMON_BLOCKS = YES;
				GCC_WARN_64_TO_32_BIT_CONVERSION = YES;
				GCC_WARN_ABOUT_RETURN_TYPE = YES_ERROR;
				GCC_WARN_UNDECLARED_SELECTOR = YES;
				GCC_WARN_UNINITIALIZED_AUTOS = YES_AGGRESSIVE;
				GCC_WARN_UNUSED_FUNCTION = YES;
				GCC_WARN_UNUSED_VARIABLE = YES;
				IPHONEOS_DEPLOYMENT_TARGET = 15.0;
				MTL_ENABLE_DEBUG_INFO = NO;
				MTL_FAST_MATH = YES;
				SDKROOT = iphoneos;
				SWIFT_COMPILATION_MODE = wholemodule;
				SWIFT_OPTIMIZATION_LEVEL = "-O";
				VALIDATE_PRODUCT = YES;
			};
			name = Release;
		};
		843AC95F26AED6AC00D939F0 /* Debug */ = {
			isa = XCBuildConfiguration;
			buildSettings = {
				ASSETCATALOG_COMPILER_APPICON_NAME = AppIcon;
				ASSETCATALOG_COMPILER_GLOBAL_ACCENT_COLOR_NAME = AccentColor;
				CODE_SIGN_STYLE = Automatic;
				DEVELOPMENT_ASSET_PATHS = "\"Remind Again/Preview Content\"";
				DEVELOPMENT_TEAM = VRT2RAXRCV;
				ENABLE_PREVIEWS = YES;
				INFOPLIST_FILE = "Remind Again/Info.plist";
				IPHONEOS_DEPLOYMENT_TARGET = 15.0;
				LD_RUNPATH_SEARCH_PATHS = (
					"$(inherited)",
					"@executable_path/Frameworks",
				);
				PRODUCT_BUNDLE_IDENTIFIER = "com.MrYC.Remind-Again";
				PRODUCT_NAME = "$(TARGET_NAME)";
				SWIFT_VERSION = 5.0;
				TARGETED_DEVICE_FAMILY = 1;
			};
			name = Debug;
		};
		843AC96026AED6AC00D939F0 /* Release */ = {
			isa = XCBuildConfiguration;
			buildSettings = {
				ASSETCATALOG_COMPILER_APPICON_NAME = AppIcon;
				ASSETCATALOG_COMPILER_GLOBAL_ACCENT_COLOR_NAME = AccentColor;
				CODE_SIGN_STYLE = Automatic;
				DEVELOPMENT_ASSET_PATHS = "\"Remind Again/Preview Content\"";
				DEVELOPMENT_TEAM = VRT2RAXRCV;
				ENABLE_PREVIEWS = YES;
				INFOPLIST_FILE = "Remind Again/Info.plist";
				IPHONEOS_DEPLOYMENT_TARGET = 15.0;
				LD_RUNPATH_SEARCH_PATHS = (
					"$(inherited)",
					"@executable_path/Frameworks",
				);
				PRODUCT_BUNDLE_IDENTIFIER = "com.MrYC.Remind-Again";
				PRODUCT_NAME = "$(TARGET_NAME)";
				SWIFT_VERSION = 5.0;
				TARGETED_DEVICE_FAMILY = 1;
			};
			name = Release;
		};
/* End XCBuildConfiguration section */

/* Begin XCConfigurationList section */
		843AC94526AED6A900D939F0 /* Build configuration list for PBXProject "Remind Again" */ = {
			isa = XCConfigurationList;
			buildConfigurations = (
				843AC95C26AED6AC00D939F0 /* Debug */,
				843AC95D26AED6AC00D939F0 /* Release */,
			);
			defaultConfigurationIsVisible = 0;
			defaultConfigurationName = Release;
		};
		843AC95E26AED6AC00D939F0 /* Build configuration list for PBXNativeTarget "Remind Again" */ = {
			isa = XCConfigurationList;
			buildConfigurations = (
				843AC95F26AED6AC00D939F0 /* Debug */,
				843AC96026AED6AC00D939F0 /* Release */,
			);
			defaultConfigurationIsVisible = 0;
			defaultConfigurationName = Release;
		};
/* End XCConfigurationList section */

/* Begin XCRemoteSwiftPackageReference section */
		8405A2C726D1229400F84016 /* XCRemoteSwiftPackageReference "RxSwift" */ = {
			isa = XCRemoteSwiftPackageReference;
			repositoryURL = "https://github.com/ReactiveX/RxSwift.git";
			requirement = {
				kind = upToNextMajorVersion;
				minimumVersion = 6.0.0;
			};
		};
/* End XCRemoteSwiftPackageReference section */

/* Begin XCSwiftPackageProductDependency section */
		8405A2C826D1229400F84016 /* RxSwift */ = {
			isa = XCSwiftPackageProductDependency;
			package = 8405A2C726D1229400F84016 /* XCRemoteSwiftPackageReference "RxSwift" */;
			productName = RxSwift;
		};
/* End XCSwiftPackageProductDependency section */

/* Begin XCVersionGroup section */
		843AC95826AED6AC00D939F0 /* Remind_Again.xcdatamodeld */ = {
			isa = XCVersionGroup;
			children = (
				843AC95926AED6AC00D939F0 /* Remind_Again.xcdatamodel */,
			);
			currentVersion = 843AC95926AED6AC00D939F0 /* Remind_Again.xcdatamodel */;
			path = Remind_Again.xcdatamodeld;
			sourceTree = "<group>";
			versionGroupType = wrapper.xcdatamodel;
		};
/* End XCVersionGroup section */
	};
	rootObject = 843AC94226AED6A900D939F0 /* Project object */;
}
